// !$*UTF8*$!
{
	archiveVersion = 1;
	classes = {
	};
	objectVersion = 46;
	objects = {

/* Begin PBXBuildFile section */
		79D67D5A1AA7686A00333B9A /* AppDelegate.swift in Sources */ = {isa = PBXBuildFile; fileRef = 79D67D591AA7686A00333B9A /* AppDelegate.swift */; };
		79D67D5C1AA7686A00333B9A /* Images.xcassets in Resources */ = {isa = PBXBuildFile; fileRef = 79D67D5B1AA7686A00333B9A /* Images.xcassets */; };
		79D67D5F1AA7686A00333B9A /* MainMenu.xib in Resources */ = {isa = PBXBuildFile; fileRef = 79D67D5D1AA7686A00333B9A /* MainMenu.xib */; };
		79D67D6B1AA7686A00333B9A /* LibXMLWrapperExampleTests.swift in Sources */ = {isa = PBXBuildFile; fileRef = 79D67D6A1AA7686A00333B9A /* LibXMLWrapperExampleTests.swift */; };
		79D67D761AA768E300333B9A /* libxml2.2.dylib in Frameworks */ = {isa = PBXBuildFile; fileRef = 79D67D741AA768E300333B9A /* libxml2.2.dylib */; };
		79D67D771AA768E300333B9A /* libxml2.dylib in Frameworks */ = {isa = PBXBuildFile; fileRef = 79D67D751AA768E300333B9A /* libxml2.dylib */; };
		79D67D7B1AA76A1900333B9A /* LibXMLDoc.swift in Sources */ = {isa = PBXBuildFile; fileRef = 79D67D791AA76A1900333B9A /* LibXMLDoc.swift */; };
		79D67D7C1AA76A1900333B9A /* LibXMLNode.swift in Sources */ = {isa = PBXBuildFile; fileRef = 79D67D7A1AA76A1900333B9A /* LibXMLNode.swift */; };
		79D67D7E1AA76A2800333B9A /* PointDefaults.pattern in Resources */ = {isa = PBXBuildFile; fileRef = 79D67D7D1AA76A2800333B9A /* PointDefaults.pattern */; };
/* End PBXBuildFile section */

/* Begin PBXContainerItemProxy section */
		79D67D651AA7686A00333B9A /* PBXContainerItemProxy */ = {
			isa = PBXContainerItemProxy;
			containerPortal = 79D67D4C1AA7686A00333B9A /* Project object */;
			proxyType = 1;
			remoteGlobalIDString = 79D67D531AA7686A00333B9A;
			remoteInfo = LibXMLWrapperExample;
		};
/* End PBXContainerItemProxy section */

/* Begin PBXFileReference section */
		79D67D541AA7686A00333B9A /* LibXMLWrapperExample.app */ = {isa = PBXFileReference; explicitFileType = wrapper.application; includeInIndex = 0; path = LibXMLWrapperExample.app; sourceTree = BUILT_PRODUCTS_DIR; };
		79D67D581AA7686A00333B9A /* Info.plist */ = {isa = PBXFileReference; lastKnownFileType = text.plist.xml; path = Info.plist; sourceTree = "<group>"; };
		79D67D591AA7686A00333B9A /* AppDelegate.swift */ = {isa = PBXFileReference; lastKnownFileType = sourcecode.swift; path = AppDelegate.swift; sourceTree = "<group>"; };
		79D67D5B1AA7686A00333B9A /* Images.xcassets */ = {isa = PBXFileReference; lastKnownFileType = folder.assetcatalog; path = Images.xcassets; sourceTree = "<group>"; };
		79D67D5E1AA7686A00333B9A /* Base */ = {isa = PBXFileReference; lastKnownFileType = file.xib; name = Base; path = Base.lproj/MainMenu.xib; sourceTree = "<group>"; };
		79D67D641AA7686A00333B9A /* LibXMLWrapperExampleTests.xctest */ = {isa = PBXFileReference; explicitFileType = wrapper.cfbundle; includeInIndex = 0; path = LibXMLWrapperExampleTests.xctest; sourceTree = BUILT_PRODUCTS_DIR; };
		79D67D691AA7686A00333B9A /* Info.plist */ = {isa = PBXFileReference; lastKnownFileType = text.plist.xml; path = Info.plist; sourceTree = "<group>"; };
		79D67D6A1AA7686A00333B9A /* LibXMLWrapperExampleTests.swift */ = {isa = PBXFileReference; lastKnownFileType = sourcecode.swift; path = LibXMLWrapperExampleTests.swift; sourceTree = "<group>"; };
		79D67D741AA768E300333B9A /* libxml2.2.dylib */ = {isa = PBXFileReference; lastKnownFileType = "compiled.mach-o.dylib"; name = libxml2.2.dylib; path = usr/lib/libxml2.2.dylib; sourceTree = SDKROOT; };
		79D67D751AA768E300333B9A /* libxml2.dylib */ = {isa = PBXFileReference; lastKnownFileType = "compiled.mach-o.dylib"; name = libxml2.dylib; path = usr/lib/libxml2.dylib; sourceTree = SDKROOT; };
		79D67D781AA768FE00333B9A /* Bridging-Header.h */ = {isa = PBXFileReference; fileEncoding = 4; lastKnownFileType = sourcecode.c.h; path = "Bridging-Header.h"; sourceTree = "<group>"; };
		79D67D791AA76A1900333B9A /* LibXMLDoc.swift */ = {isa = PBXFileReference; fileEncoding = 4; lastKnownFileType = sourcecode.swift; path = LibXMLDoc.swift; sourceTree = "<group>"; };
		79D67D7A1AA76A1900333B9A /* LibXMLNode.swift */ = {isa = PBXFileReference; fileEncoding = 4; lastKnownFileType = sourcecode.swift; path = LibXMLNode.swift; sourceTree = "<group>"; };
		79D67D7D1AA76A2800333B9A /* PointDefaults.pattern */ = {isa = PBXFileReference; fileEncoding = 4; lastKnownFileType = text.xml; path = PointDefaults.pattern; sourceTree = "<group>"; };
/* End PBXFileReference section */

/* Begin PBXFrameworksBuildPhase section */
		79D67D511AA7686A00333B9A /* Frameworks */ = {
			isa = PBXFrameworksBuildPhase;
			buildActionMask = 2147483647;
			files = (
				79D67D761AA768E300333B9A /* libxml2.2.dylib in Frameworks */,
				79D67D771AA768E300333B9A /* libxml2.dylib in Frameworks */,
			);
			runOnlyForDeploymentPostprocessing = 0;
		};
		79D67D611AA7686A00333B9A /* Frameworks */ = {
			isa = PBXFrameworksBuildPhase;
			buildActionMask = 2147483647;
			files = (
			);
			runOnlyForDeploymentPostprocessing = 0;
		};
/* End PBXFrameworksBuildPhase section */

/* Begin PBXGroup section */
		79D67D4B1AA7686A00333B9A = {
			isa = PBXGroup;
			children = (
				79D67D741AA768E300333B9A /* libxml2.2.dylib */,
				79D67D751AA768E300333B9A /* libxml2.dylib */,
				79D67D561AA7686A00333B9A /* LibXMLWrapperExample */,
				79D67D671AA7686A00333B9A /* LibXMLWrapperExampleTests */,
				79D67D551AA7686A00333B9A /* Products */,
			);
			sourceTree = "<group>";
		};
		79D67D551AA7686A00333B9A /* Products */ = {
			isa = PBXGroup;
			children = (
				79D67D541AA7686A00333B9A /* LibXMLWrapperExample.app */,
				79D67D641AA7686A00333B9A /* LibXMLWrapperExampleTests.xctest */,
			);
			name = Products;
			sourceTree = "<group>";
		};
		79D67D561AA7686A00333B9A /* LibXMLWrapperExample */ = {
			isa = PBXGroup;
			children = (
				79D67D591AA7686A00333B9A /* AppDelegate.swift */,
				79D67D781AA768FE00333B9A /* Bridging-Header.h */,
				79D67D791AA76A1900333B9A /* LibXMLDoc.swift */,
				79D67D7A1AA76A1900333B9A /* LibXMLNode.swift */,
				79D67D7D1AA76A2800333B9A /* PointDefaults.pattern */,
				79D67D5B1AA7686A00333B9A /* Images.xcassets */,
				79D67D5D1AA7686A00333B9A /* MainMenu.xib */,
				79D67D571AA7686A00333B9A /* Supporting Files */,
			);
			path = LibXMLWrapperExample;
			sourceTree = "<group>";
		};
		79D67D571AA7686A00333B9A /* Supporting Files */ = {
			isa = PBXGroup;
			children = (
				79D67D581AA7686A00333B9A /* Info.plist */,
			);
			name = "Supporting Files";
			sourceTree = "<group>";
		};
		79D67D671AA7686A00333B9A /* LibXMLWrapperExampleTests */ = {
			isa = PBXGroup;
			children = (
				79D67D6A1AA7686A00333B9A /* LibXMLWrapperExampleTests.swift */,
				79D67D681AA7686A00333B9A /* Supporting Files */,
			);
			path = LibXMLWrapperExampleTests;
			sourceTree = "<group>";
		};
		79D67D681AA7686A00333B9A /* Supporting Files */ = {
			isa = PBXGroup;
			children = (
				79D67D691AA7686A00333B9A /* Info.plist */,
			);
			name = "Supporting Files";
			sourceTree = "<group>";
		};
/* End PBXGroup section */

/* Begin PBXNativeTarget section */
		79D67D531AA7686A00333B9A /* LibXMLWrapperExample */ = {
			isa = PBXNativeTarget;
			buildConfigurationList = 79D67D6E1AA7686A00333B9A /* Build configuration list for PBXNativeTarget "LibXMLWrapperExample" */;
			buildPhases = (
				79D67D501AA7686A00333B9A /* Sources */,
				79D67D511AA7686A00333B9A /* Frameworks */,
				79D67D521AA7686A00333B9A /* Resources */,
			);
			buildRules = (
			);
			dependencies = (
			);
			name = LibXMLWrapperExample;
			productName = LibXMLWrapperExample;
			productReference = 79D67D541AA7686A00333B9A /* LibXMLWrapperExample.app */;
			productType = "com.apple.product-type.application";
		};
		79D67D631AA7686A00333B9A /* LibXMLWrapperExampleTests */ = {
			isa = PBXNativeTarget;
			buildConfigurationList = 79D67D711AA7686A00333B9A /* Build configuration list for PBXNativeTarget "LibXMLWrapperExampleTests" */;
			buildPhases = (
				79D67D601AA7686A00333B9A /* Sources */,
				79D67D611AA7686A00333B9A /* Frameworks */,
				79D67D621AA7686A00333B9A /* Resources */,
			);
			buildRules = (
			);
			dependencies = (
				79D67D661AA7686A00333B9A /* PBXTargetDependency */,
			);
			name = LibXMLWrapperExampleTests;
			productName = LibXMLWrapperExampleTests;
			productReference = 79D67D641AA7686A00333B9A /* LibXMLWrapperExampleTests.xctest */;
			productType = "com.apple.product-type.bundle.unit-test";
		};
/* End PBXNativeTarget section */

/* Begin PBXProject section */
		79D67D4C1AA7686A00333B9A /* Project object */ = {
			isa = PBXProject;
			attributes = {
				LastUpgradeCheck = 0630;
				ORGANIZATIONNAME = "Red Queen Coder, LLC";
				TargetAttributes = {
					79D67D531AA7686A00333B9A = {
						CreatedOnToolsVersion = 6.3;
					};
					79D67D631AA7686A00333B9A = {
						CreatedOnToolsVersion = 6.3;
						TestTargetID = 79D67D531AA7686A00333B9A;
					};
				};
			};
			buildConfigurationList = 79D67D4F1AA7686A00333B9A /* Build configuration list for PBXProject "LibXMLWrapperExample" */;
			compatibilityVersion = "Xcode 3.2";
			developmentRegion = English;
			hasScannedForEncodings = 0;
			knownRegions = (
				en,
				Base,
			);
			mainGroup = 79D67D4B1AA7686A00333B9A;
			productRefGroup = 79D67D551AA7686A00333B9A /* Products */;
			projectDirPath = "";
			projectRoot = "";
			targets = (
				79D67D531AA7686A00333B9A /* LibXMLWrapperExample */,
				79D67D631AA7686A00333B9A /* LibXMLWrapperExampleTests */,
			);
		};
/* End PBXProject section */

/* Begin PBXResourcesBuildPhase section */
		79D67D521AA7686A00333B9A /* Resources */ = {
			isa = PBXResourcesBuildPhase;
			buildActionMask = 2147483647;
			files = (
				79D67D7E1AA76A2800333B9A /* PointDefaults.pattern in Resources */,
				79D67D5C1AA7686A00333B9A /* Images.xcassets in Resources */,
				79D67D5F1AA7686A00333B9A /* MainMenu.xib in Resources */,
			);
			runOnlyForDeploymentPostprocessing = 0;
		};
		79D67D621AA7686A00333B9A /* Resources */ = {
			isa = PBXResourcesBuildPhase;
			buildActionMask = 2147483647;
			files = (
			);
			runOnlyForDeploymentPostprocessing = 0;
		};
/* End PBXResourcesBuildPhase section */

/* Begin PBXSourcesBuildPhase section */
		79D67D501AA7686A00333B9A /* Sources */ = {
			isa = PBXSourcesBuildPhase;
			buildActionMask = 2147483647;
			files = (
				79D67D7B1AA76A1900333B9A /* LibXMLDoc.swift in Sources */,
				79D67D5A1AA7686A00333B9A /* AppDelegate.swift in Sources */,
				79D67D7C1AA76A1900333B9A /* LibXMLNode.swift in Sources */,
			);
			runOnlyForDeploymentPostprocessing = 0;
		};
		79D67D601AA7686A00333B9A /* Sources */ = {
			isa = PBXSourcesBuildPhase;
			buildActionMask = 2147483647;
			files = (
				79D67D6B1AA7686A00333B9A /* LibXMLWrapperExampleTests.swift in Sources */,
			);
			runOnlyForDeploymentPostprocessing = 0;
		};
/* End PBXSourcesBuildPhase section */

/* Begin PBXTargetDependency section */
		79D67D661AA7686A00333B9A /* PBXTargetDependency */ = {
			isa = PBXTargetDependency;
			target = 79D67D531AA7686A00333B9A /* LibXMLWrapperExample */;
			targetProxy = 79D67D651AA7686A00333B9A /* PBXContainerItemProxy */;
		};
/* End PBXTargetDependency section */

/* Begin PBXVariantGroup section */
		79D67D5D1AA7686A00333B9A /* MainMenu.xib */ = {
			isa = PBXVariantGroup;
			children = (
				79D67D5E1AA7686A00333B9A /* Base */,
			);
			name = MainMenu.xib;
			sourceTree = "<group>";
		};
/* End PBXVariantGroup section */

/* Begin XCBuildConfiguration section */
		79D67D6C1AA7686A00333B9A /* Debug */ = {
			isa = XCBuildConfiguration;
			buildSettings = {
				ALWAYS_SEARCH_USER_PATHS = NO;
				CLANG_CXX_LANGUAGE_STANDARD = "gnu++0x";
				CLANG_CXX_LIBRARY = "libc++";
				CLANG_ENABLE_MODULES = YES;
				CLANG_ENABLE_OBJC_ARC = YES;
				CLANG_WARN_BOOL_CONVERSION = YES;
				CLANG_WARN_CONSTANT_CONVERSION = YES;
				CLANG_WARN_DIRECT_OBJC_ISA_USAGE = YES_ERROR;
				CLANG_WARN_EMPTY_BODY = YES;
				CLANG_WARN_ENUM_CONVERSION = YES;
				CLANG_WARN_INT_CONVERSION = YES;
				CLANG_WARN_OBJC_ROOT_CLASS = YES_ERROR;
				CLANG_WARN_UNREACHABLE_CODE = YES;
				CLANG_WARN__DUPLICATE_METHOD_MATCH = YES;
				CODE_SIGN_IDENTITY = "-";
				COPY_PHASE_STRIP = NO;
				DEBUG_INFORMATION_FORMAT = dwarf;
				ENABLE_STRICT_OBJC_MSGSEND = YES;
				GCC_C_LANGUAGE_STANDARD = gnu99;
				GCC_DYNAMIC_NO_PIC = NO;
				GCC_NO_COMMON_BLOCKS = YES;
				GCC_OPTIMIZATION_LEVEL = 0;
				GCC_PREPROCESSOR_DEFINITIONS = (
					"DEBUG=1",
					"$(inherited)",
				);
				GCC_SYMBOLS_PRIVATE_EXTERN = NO;
				GCC_WARN_64_TO_32_BIT_CONVERSION = YES;
				GCC_WARN_ABOUT_RETURN_TYPE = YES_ERROR;
				GCC_WARN_UNDECLARED_SELECTOR = YES;
				GCC_WARN_UNINITIALIZED_AUTOS = YES_AGGRESSIVE;
				GCC_WARN_UNUSED_FUNCTION = YES;
				GCC_WARN_UNUSED_VARIABLE = YES;
				HEADER_SEARCH_PATHS = (
					"$(inherited)",
					"/Applications/Xcode-beta.app/Contents/Developer/Toolchains/XcodeDefault.xctoolchain/usr/include",
					"$(SDKROOT)/usr/include/libxml2",
				);
				MACOSX_DEPLOYMENT_TARGET = 10.10;
				MTL_ENABLE_DEBUG_INFO = YES;
				ONLY_ACTIVE_ARCH = YES;
				OTHER_LDFLAGS = "-lxml2";
				SDKROOT = macosx;
				SWIFT_OBJC_BRIDGING_HEADER = "LibXMLWrapperExample/Bridging-Header.h";
				SWIFT_OPTIMIZATION_LEVEL = "-Onone";
			};
			name = Debug;
		};
		79D67D6D1AA7686A00333B9A /* Release */ = {
			isa = XCBuildConfiguration;
			buildSettings = {
				ALWAYS_SEARCH_USER_PATHS = NO;
				CLANG_CXX_LANGUAGE_STANDARD = "gnu++0x";
				CLANG_CXX_LIBRARY = "libc++";
				CLANG_ENABLE_MODULES = YES;
				CLANG_ENABLE_OBJC_ARC = YES;
				CLANG_WARN_BOOL_CONVERSION = YES;
				CLANG_WARN_CONSTANT_CONVERSION = YES;
				CLANG_WARN_DIRECT_OBJC_ISA_USAGE = YES_ERROR;
				CLANG_WARN_EMPTY_BODY = YES;
				CLANG_WARN_ENUM_CONVERSION = YES;
				CLANG_WARN_INT_CONVERSION = YES;
				CLANG_WARN_OBJC_ROOT_CLASS = YES_ERROR;
				CLANG_WARN_UNREACHABLE_CODE = YES;
				CLANG_WARN__DUPLICATE_METHOD_MATCH = YES;
				CODE_SIGN_IDENTITY = "-";
				COPY_PHASE_STRIP = NO;
				DEBUG_INFORMATION_FORMAT = "dwarf-with-dsym";
				ENABLE_NS_ASSERTIONS = NO;
				ENABLE_STRICT_OBJC_MSGSEND = YES;
				GCC_C_LANGUAGE_STANDARD = gnu99;
				GCC_NO_COMMON_BLOCKS = YES;
				GCC_WARN_64_TO_32_BIT_CONVERSION = YES;
				GCC_WARN_ABOUT_RETURN_TYPE = YES_ERROR;
				GCC_WARN_UNDECLARED_SELECTOR = YES;
				GCC_WARN_UNINITIALIZED_AUTOS = YES_AGGRESSIVE;
				GCC_WARN_UNUSED_FUNCTION = YES;
				GCC_WARN_UNUSED_VARIABLE = YES;
				HEADER_SEARCH_PATHS = (
					"$(inherited)",
					"/Applications/Xcode-beta.app/Contents/Developer/Toolchains/XcodeDefault.xctoolchain/usr/include",
					"$(SDKROOT)/usr/include/libxml2",
				);
				MACOSX_DEPLOYMENT_TARGET = 10.10;
				MTL_ENABLE_DEBUG_INFO = NO;
				OTHER_LDFLAGS = "-lxml2";
				SDKROOT = macosx;
				SWIFT_OBJC_BRIDGING_HEADER = "LibXMLWrapperExample/Bridging-Header.h";
			};
			name = Release;
		};
		79D67D6F1AA7686A00333B9A /* Debug */ = {
			isa = XCBuildConfiguration;
			buildSettings = {
				ASSETCATALOG_COMPILER_APPICON_NAME = AppIcon;
				COMBINE_HIDPI_IMAGES = YES;
				INFOPLIST_FILE = LibXMLWrapperExample/Info.plist;
				LD_RUNPATH_SEARCH_PATHS = "$(inherited) @executable_path/../Frameworks";
				PRODUCT_NAME = "$(TARGET_NAME)";
			};
			name = Debug;
		};
		79D67D701AA7686A00333B9A /* Release */ = {
			isa = XCBuildConfiguration;
			buildSettings = {
				ASSETCATALOG_COMPILER_APPICON_NAME = AppIcon;
				COMBINE_HIDPI_IMAGES = YES;
				INFOPLIST_FILE = LibXMLWrapperExample/Info.plist;
				LD_RUNPATH_SEARCH_PATHS = "$(inherited) @executable_path/../Frameworks";
				PRODUCT_NAME = "$(TARGET_NAME)";
			};
			name = Release;
		};
		79D67D721AA7686A00333B9A /* Debug */ = {
			isa = XCBuildConfiguration;
			buildSettings = {
				BUNDLE_LOADER = "$(TEST_HOST)";
				COMBINE_HIDPI_IMAGES = YES;
				FRAMEWORK_SEARCH_PATHS = (
					"$(DEVELOPER_FRAMEWORKS_DIR)",
					"$(inherited)",
				);
				GCC_PREPROCESSOR_DEFINITIONS = (
					"DEBUG=1",
					"$(inherited)",
				);
				INFOPLIST_FILE = LibXMLWrapperExampleTests/Info.plist;
				LD_RUNPATH_SEARCH_PATHS = "$(inherited) @executable_path/../Frameworks @loader_path/../Frameworks";
				PRODUCT_NAME = "$(TARGET_NAME)";
				TEST_HOST = "$(BUILT_PRODUCTS_DIR)/LibXMLWrapperExample.app/Contents/MacOS/LibXMLWrapperExample";
			};
			name = Debug;
		};
		79D67D731AA7686A00333B9A /* Release */ = {
			isa = XCBuildConfiguration;
			buildSettings = {
				BUNDLE_LOADER = "$(TEST_HOST)";
				COMBINE_HIDPI_IMAGES = YES;
				FRAMEWORK_SEARCH_PATHS = (
					"$(DEVELOPER_FRAMEWORKS_DIR)",
					"$(inherited)",
				);
				INFOPLIST_FILE = LibXMLWrapperExampleTests/Info.plist;
				LD_RUNPATH_SEARCH_PATHS = "$(inherited) @executable_path/../Frameworks @loader_path/../Frameworks";
				PRODUCT_NAME = "$(TARGET_NAME)";
				TEST_HOST = "$(BUILT_PRODUCTS_DIR)/LibXMLWrapperExample.app/Contents/MacOS/LibXMLWrapperExample";
			};
			name = Release;
		};
/* End XCBuildConfiguration section */

/* Begin XCConfigurationList section */
		79D67D4F1AA7686A00333B9A /* Build configuration list for PBXProject "LibXMLWrapperExample" */ = {
			isa = XCConfigurationList;
			buildConfigurations = (
				79D67D6C1AA7686A00333B9A /* Debug */,
				79D67D6D1AA7686A00333B9A /* Release */,
			);
			defaultConfigurationIsVisible = 0;
			defaultConfigurationName = Release;
		};
		79D67D6E1AA7686A00333B9A /* Build configuration list for PBXNativeTarget "LibXMLWrapperExample" */ = {
			isa = XCConfigurationList;
			buildConfigurations = (
				79D67D6F1AA7686A00333B9A /* Debug */,
				79D67D701AA7686A00333B9A /* Release */,
			);
			defaultConfigurationIsVisible = 0;
		};
		79D67D711AA7686A00333B9A /* Build configuration list for PBXNativeTarget "LibXMLWrapperExampleTests" */ = {
			isa = XCConfigurationList;
			buildConfigurations = (
				79D67D721AA7686A00333B9A /* Debug */,
				79D67D731AA7686A00333B9A /* Release */,
			);
			defaultConfigurationIsVisible = 0;
		};
/* End XCConfigurationList section */
	};
	rootObject = 79D67D4C1AA7686A00333B9A /* Project object */;
}
